// !$*UTF8*$!
{
	archiveVersion = 1;
	classes = {
	};
	objectVersion = 46;
	objects = {

/* Begin PBXBuildFile section */
		3A3F79881DEF8F4A000EC813 /* AppDelegate.swift in Sources */ = {isa = PBXBuildFile; fileRef = 3A3F79871DEF8F4A000EC813 /* AppDelegate.swift */; };
		3A3F798A1DEF8F4A000EC813 /* ViewController.swift in Sources */ = {isa = PBXBuildFile; fileRef = 3A3F79891DEF8F4A000EC813 /* ViewController.swift */; };
		3A3F798D1DEF8F4A000EC813 /* Main.storyboard in Resources */ = {isa = PBXBuildFile; fileRef = 3A3F798B1DEF8F4A000EC813 /* Main.storyboard */; };
		3A3F79921DEF8F4A000EC813 /* Assets.xcassets in Resources */ = {isa = PBXBuildFile; fileRef = 3A3F79911DEF8F4A000EC813 /* Assets.xcassets */; };
		3A3F79951DEF8F4A000EC813 /* LaunchScreen.storyboard in Resources */ = {isa = PBXBuildFile; fileRef = 3A3F79931DEF8F4A000EC813 /* LaunchScreen.storyboard */; };
		3A3F79A01DEF8F4A000EC813 /* PhoneBookManagerTests.swift in Sources */ = {isa = PBXBuildFile; fileRef = 3A3F799F1DEF8F4A000EC813 /* PhoneBookManagerTests.swift */; };
		3A3F79AB1DEF8F4A000EC813 /* PhoneBookManagerUITests.swift in Sources */ = {isa = PBXBuildFile; fileRef = 3A3F79AA1DEF8F4A000EC813 /* PhoneBookManagerUITests.swift */; };
		3A3F79B91DEF8FF3000EC813 /* AddContactViewController.swift in Sources */ = {isa = PBXBuildFile; fileRef = 3A3F79B81DEF8FF3000EC813 /* AddContactViewController.swift */; };
		BF7CB77122D544EC0039677A /* PhoneBookManager.xcdatamodeld in Sources */ = {isa = PBXBuildFile; fileRef = BF7CB76F22D544EC0039677A /* PhoneBookManager.xcdatamodeld */; };
/* End PBXBuildFile section */

/* Begin PBXContainerItemProxy section */
		3A3F799C1DEF8F4A000EC813 /* PBXContainerItemProxy */ = {
			isa = PBXContainerItemProxy;
			containerPortal = 3A3F797C1DEF8F4A000EC813 /* Project object */;
			proxyType = 1;
			remoteGlobalIDString = 3A3F79831DEF8F4A000EC813;
			remoteInfo = PhoneBookManager;
		};
		3A3F79A71DEF8F4A000EC813 /* PBXContainerItemProxy */ = {
			isa = PBXContainerItemProxy;
			containerPortal = 3A3F797C1DEF8F4A000EC813 /* Project object */;
			proxyType = 1;
			remoteGlobalIDString = 3A3F79831DEF8F4A000EC813;
			remoteInfo = PhoneBookManager;
		};
/* End PBXContainerItemProxy section */

/* Begin PBXFileReference section */
		3A3F79841DEF8F4A000EC813 /* PhoneBookManager.app */ = {isa = PBXFileReference; explicitFileType = wrapper.application; includeInIndex = 0; path = PhoneBookManager.app; sourceTree = BUILT_PRODUCTS_DIR; };
		3A3F79871DEF8F4A000EC813 /* AppDelegate.swift */ = {isa = PBXFileReference; lastKnownFileType = sourcecode.swift; path = AppDelegate.swift; sourceTree = "<group>"; };
		3A3F79891DEF8F4A000EC813 /* ViewController.swift */ = {isa = PBXFileReference; lastKnownFileType = sourcecode.swift; path = ViewController.swift; sourceTree = "<group>"; };
		3A3F798C1DEF8F4A000EC813 /* Base */ = {isa = PBXFileReference; lastKnownFileType = file.storyboard; name = Base; path = Base.lproj/Main.storyboard; sourceTree = "<group>"; };
		3A3F79911DEF8F4A000EC813 /* Assets.xcassets */ = {isa = PBXFileReference; lastKnownFileType = folder.assetcatalog; path = Assets.xcassets; sourceTree = "<group>"; };
		3A3F79941DEF8F4A000EC813 /* Base */ = {isa = PBXFileReference; lastKnownFileType = file.storyboard; name = Base; path = Base.lproj/LaunchScreen.storyboard; sourceTree = "<group>"; };
		3A3F79961DEF8F4A000EC813 /* Info.plist */ = {isa = PBXFileReference; lastKnownFileType = text.plist.xml; path = Info.plist; sourceTree = "<group>"; };
		3A3F799B1DEF8F4A000EC813 /* PhoneBookManagerTests.xctest */ = {isa = PBXFileReference; explicitFileType = wrapper.cfbundle; includeInIndex = 0; path = PhoneBookManagerTests.xctest; sourceTree = BUILT_PRODUCTS_DIR; };
		3A3F799F1DEF8F4A000EC813 /* PhoneBookManagerTests.swift */ = {isa = PBXFileReference; lastKnownFileType = sourcecode.swift; path = PhoneBookManagerTests.swift; sourceTree = "<group>"; };
		3A3F79A11DEF8F4A000EC813 /* Info.plist */ = {isa = PBXFileReference; lastKnownFileType = text.plist.xml; path = Info.plist; sourceTree = "<group>"; };
		3A3F79A61DEF8F4A000EC813 /* PhoneBookManagerUITests.xctest */ = {isa = PBXFileReference; explicitFileType = wrapper.cfbundle; includeInIndex = 0; path = PhoneBookManagerUITests.xctest; sourceTree = BUILT_PRODUCTS_DIR; };
		3A3F79AA1DEF8F4A000EC813 /* PhoneBookManagerUITests.swift */ = {isa = PBXFileReference; lastKnownFileType = sourcecode.swift; path = PhoneBookManagerUITests.swift; sourceTree = "<group>"; };
		3A3F79AC1DEF8F4A000EC813 /* Info.plist */ = {isa = PBXFileReference; lastKnownFileType = text.plist.xml; path = Info.plist; sourceTree = "<group>"; };
		3A3F79B81DEF8FF3000EC813 /* AddContactViewController.swift */ = {isa = PBXFileReference; fileEncoding = 4; lastKnownFileType = sourcecode.swift; path = AddContactViewController.swift; sourceTree = "<group>"; };
		BF7CB77022D544EC0039677A /* PhoneBookManager.xcdatamodel */ = {isa = PBXFileReference; lastKnownFileType = wrapper.xcdatamodel; path = PhoneBookManager.xcdatamodel; sourceTree = "<group>"; };
/* End PBXFileReference section */

/* Begin PBXFrameworksBuildPhase section */
		3A3F79811DEF8F4A000EC813 /* Frameworks */ = {
			isa = PBXFrameworksBuildPhase;
			buildActionMask = 2147483647;
			files = (
			);
			runOnlyForDeploymentPostprocessing = 0;
		};
		3A3F79981DEF8F4A000EC813 /* Frameworks */ = {
			isa = PBXFrameworksBuildPhase;
			buildActionMask = 2147483647;
			files = (
			);
			runOnlyForDeploymentPostprocessing = 0;
		};
		3A3F79A31DEF8F4A000EC813 /* Frameworks */ = {
			isa = PBXFrameworksBuildPhase;
			buildActionMask = 2147483647;
			files = (
			);
			runOnlyForDeploymentPostprocessing = 0;
		};
/* End PBXFrameworksBuildPhase section */

/* Begin PBXGroup section */
		3A3F797B1DEF8F4A000EC813 = {
			isa = PBXGroup;
			children = (
				3A3F79861DEF8F4A000EC813 /* PhoneBookManager */,
				3A3F799E1DEF8F4A000EC813 /* PhoneBookManagerTests */,
				3A3F79A91DEF8F4A000EC813 /* PhoneBookManagerUITests */,
				3A3F79851DEF8F4A000EC813 /* Products */,
			);
			sourceTree = "<group>";
		};
		3A3F79851DEF8F4A000EC813 /* Products */ = {
			isa = PBXGroup;
			children = (
				3A3F79841DEF8F4A000EC813 /* PhoneBookManager.app */,
				3A3F799B1DEF8F4A000EC813 /* PhoneBookManagerTests.xctest */,
				3A3F79A61DEF8F4A000EC813 /* PhoneBookManagerUITests.xctest */,
			);
			name = Products;
			sourceTree = "<group>";
		};
		3A3F79861DEF8F4A000EC813 /* PhoneBookManager */ = {
			isa = PBXGroup;
			children = (
				3A3F79871DEF8F4A000EC813 /* AppDelegate.swift */,
				3A3F79891DEF8F4A000EC813 /* ViewController.swift */,
				3A3F798B1DEF8F4A000EC813 /* Main.storyboard */,
				3A3F79911DEF8F4A000EC813 /* Assets.xcassets */,
				3A3F79931DEF8F4A000EC813 /* LaunchScreen.storyboard */,
				3A3F79961DEF8F4A000EC813 /* Info.plist */,
				3A3F79B81DEF8FF3000EC813 /* AddContactViewController.swift */,
				BF7CB76F22D544EC0039677A /* PhoneBookManager.xcdatamodeld */,
			);
			path = PhoneBookManager;
			sourceTree = "<group>";
		};
		3A3F799E1DEF8F4A000EC813 /* PhoneBookManagerTests */ = {
			isa = PBXGroup;
			children = (
				3A3F799F1DEF8F4A000EC813 /* PhoneBookManagerTests.swift */,
				3A3F79A11DEF8F4A000EC813 /* Info.plist */,
			);
			path = PhoneBookManagerTests;
			sourceTree = "<group>";
		};
		3A3F79A91DEF8F4A000EC813 /* PhoneBookManagerUITests */ = {
			isa = PBXGroup;
			children = (
				3A3F79AA1DEF8F4A000EC813 /* PhoneBookManagerUITests.swift */,
				3A3F79AC1DEF8F4A000EC813 /* Info.plist */,
			);
			path = PhoneBookManagerUITests;
			sourceTree = "<group>";
		};
/* End PBXGroup section */

/* Begin PBXNativeTarget section */
		3A3F79831DEF8F4A000EC813 /* PhoneBookManager */ = {
			isa = PBXNativeTarget;
			buildConfigurationList = 3A3F79AF1DEF8F4A000EC813 /* Build configuration list for PBXNativeTarget "PhoneBookManager" */;
			buildPhases = (
				3A3F79801DEF8F4A000EC813 /* Sources */,
				3A3F79811DEF8F4A000EC813 /* Frameworks */,
				3A3F79821DEF8F4A000EC813 /* Resources */,
			);
			buildRules = (
			);
			dependencies = (
			);
			name = PhoneBookManager;
			productName = PhoneBookManager;
			productReference = 3A3F79841DEF8F4A000EC813 /* PhoneBookManager.app */;
			productType = "com.apple.product-type.application";
		};
		3A3F799A1DEF8F4A000EC813 /* PhoneBookManagerTests */ = {
			isa = PBXNativeTarget;
			buildConfigurationList = 3A3F79B21DEF8F4A000EC813 /* Build configuration list for PBXNativeTarget "PhoneBookManagerTests" */;
			buildPhases = (
				3A3F79971DEF8F4A000EC813 /* Sources */,
				3A3F79981DEF8F4A000EC813 /* Frameworks */,
				3A3F79991DEF8F4A000EC813 /* Resources */,
			);
			buildRules = (
			);
			dependencies = (
				3A3F799D1DEF8F4A000EC813 /* PBXTargetDependency */,
			);
			name = PhoneBookManagerTests;
			productName = PhoneBookManagerTests;
			productReference = 3A3F799B1DEF8F4A000EC813 /* PhoneBookManagerTests.xctest */;
			productType = "com.apple.product-type.bundle.unit-test";
		};
		3A3F79A51DEF8F4A000EC813 /* PhoneBookManagerUITests */ = {
			isa = PBXNativeTarget;
			buildConfigurationList = 3A3F79B51DEF8F4A000EC813 /* Build configuration list for PBXNativeTarget "PhoneBookManagerUITests" */;
			buildPhases = (
				3A3F79A21DEF8F4A000EC813 /* Sources */,
				3A3F79A31DEF8F4A000EC813 /* Frameworks */,
				3A3F79A41DEF8F4A000EC813 /* Resources */,
			);
			buildRules = (
			);
			dependencies = (
				3A3F79A81DEF8F4A000EC813 /* PBXTargetDependency */,
			);
			name = PhoneBookManagerUITests;
			productName = PhoneBookManagerUITests;
			productReference = 3A3F79A61DEF8F4A000EC813 /* PhoneBookManagerUITests.xctest */;
			productType = "com.apple.product-type.bundle.ui-testing";
		};
/* End PBXNativeTarget section */

/* Begin PBXProject section */
		3A3F797C1DEF8F4A000EC813 /* Project object */ = {
			isa = PBXProject;
			attributes = {
				LastSwiftUpdateCheck = 0810;
				LastUpgradeCheck = 1020;
				ORGANIZATIONNAME = "Nicholas L Caceres";
				TargetAttributes = {
					3A3F79831DEF8F4A000EC813 = {
						CreatedOnToolsVersion = 8.1;
						ProvisioningStyle = Automatic;
					};
					3A3F799A1DEF8F4A000EC813 = {
						CreatedOnToolsVersion = 8.1;
						ProvisioningStyle = Automatic;
						TestTargetID = 3A3F79831DEF8F4A000EC813;
					};
					3A3F79A51DEF8F4A000EC813 = {
						CreatedOnToolsVersion = 8.1;
						ProvisioningStyle = Automatic;
						TestTargetID = 3A3F79831DEF8F4A000EC813;
					};
				};
			};
			buildConfigurationList = 3A3F797F1DEF8F4A000EC813 /* Build configuration list for PBXProject "PhoneBookManager" */;
			compatibilityVersion = "Xcode 3.2";
			developmentRegion = en;
			hasScannedForEncodings = 0;
			knownRegions = (
				en,
				Base,
			);
			mainGroup = 3A3F797B1DEF8F4A000EC813;
			productRefGroup = 3A3F79851DEF8F4A000EC813 /* Products */;
			projectDirPath = "";
			projectRoot = "";
			targets = (
				3A3F79831DEF8F4A000EC813 /* PhoneBookManager */,
				3A3F799A1DEF8F4A000EC813 /* PhoneBookManagerTests */,
				3A3F79A51DEF8F4A000EC813 /* PhoneBookManagerUITests */,
			);
		};
/* End PBXProject section */

/* Begin PBXResourcesBuildPhase section */
		3A3F79821DEF8F4A000EC813 /* Resources */ = {
			isa = PBXResourcesBuildPhase;
			buildActionMask = 2147483647;
			files = (
				3A3F79951DEF8F4A000EC813 /* LaunchScreen.storyboard in Resources */,
				3A3F79921DEF8F4A000EC813 /* Assets.xcassets in Resources */,
				3A3F798D1DEF8F4A000EC813 /* Main.storyboard in Resources */,
			);
			runOnlyForDeploymentPostprocessing = 0;
		};
		3A3F79991DEF8F4A000EC813 /* Resources */ = {
			isa = PBXResourcesBuildPhase;
			buildActionMask = 2147483647;
			files = (
			);
			runOnlyForDeploymentPostprocessing = 0;
		};
		3A3F79A41DEF8F4A000EC813 /* Resources */ = {
			isa = PBXResourcesBuildPhase;
			buildActionMask = 2147483647;
			files = (
			);
			runOnlyForDeploymentPostprocessing = 0;
		};
/* End PBXResourcesBuildPhase section */

/* Begin PBXSourcesBuildPhase section */
		3A3F79801DEF8F4A000EC813 /* Sources */ = {
			isa = PBXSourcesBuildPhase;
			buildActionMask = 2147483647;
			files = (
				3A3F798A1DEF8F4A000EC813 /* ViewController.swift in Sources */,
				3A3F79B91DEF8FF3000EC813 /* AddContactViewController.swift in Sources */,
				BF7CB77122D544EC0039677A /* PhoneBookManager.xcdatamodeld in Sources */,
				3A3F79881DEF8F4A000EC813 /* AppDelegate.swift in Sources */,
			);
			runOnlyForDeploymentPostprocessing = 0;
		};
		3A3F79971DEF8F4A000EC813 /* Sources */ = {
			isa = PBXSourcesBuildPhase;
			buildActionMask = 2147483647;
			files = (
				3A3F79A01DEF8F4A000EC813 /* PhoneBookManagerTests.swift in Sources */,
			);
			runOnlyForDeploymentPostprocessing = 0;
		};
		3A3F79A21DEF8F4A000EC813 /* Sources */ = {
			isa = PBXSourcesBuildPhase;
			buildActionMask = 2147483647;
			files = (
				3A3F79AB1DEF8F4A000EC813 /* PhoneBookManagerUITests.swift in Sources */,
			);
			runOnlyForDeploymentPostprocessing = 0;
		};
/* End PBXSourcesBuildPhase section */

/* Begin PBXTargetDependency section */
		3A3F799D1DEF8F4A000EC813 /* PBXTargetDependency */ = {
			isa = PBXTargetDependency;
			target = 3A3F79831DEF8F4A000EC813 /* PhoneBookManager */;
			targetProxy = 3A3F799C1DEF8F4A000EC813 /* PBXContainerItemProxy */;
		};
		3A3F79A81DEF8F4A000EC813 /* PBXTargetDependency */ = {
			isa = PBXTargetDependency;
			target = 3A3F79831DEF8F4A000EC813 /* PhoneBookManager */;
			targetProxy = 3A3F79A71DEF8F4A000EC813 /* PBXContainerItemProxy */;
		};
/* End PBXTargetDependency section */

/* Begin PBXVariantGroup section */
		3A3F798B1DEF8F4A000EC813 /* Main.storyboard */ = {
			isa = PBXVariantGroup;
			children = (
				3A3F798C1DEF8F4A000EC813 /* Base */,
			);
			name = Main.storyboard;
			sourceTree = "<group>";
		};
		3A3F79931DEF8F4A000EC813 /* LaunchScreen.storyboard */ = {
			isa = PBXVariantGroup;
			children = (
				3A3F79941DEF8F4A000EC813 /* Base */,
			);
			name = LaunchScreen.storyboard;
			sourceTree = "<group>";
		};
/* End PBXVariantGroup section */

/* Begin XCBuildConfiguration section */
		3A3F79AD1DEF8F4A000EC813 /* Debug */ = {
			isa = XCBuildConfiguration;
			buildSettings = {
				ALWAYS_SEARCH_USER_PATHS = NO;
				CLANG_ANALYZER_LOCALIZABILITY_NONLOCALIZED = YES;
				CLANG_ANALYZER_NONNULL = YES;
				CLANG_CXX_LANGUAGE_STANDARD = "gnu++0x";
				CLANG_CXX_LIBRARY = "libc++";
				CLANG_ENABLE_MODULES = YES;
				CLANG_ENABLE_OBJC_ARC = YES;
				CLANG_WARN_BLOCK_CAPTURE_AUTORELEASING = YES;
				CLANG_WARN_BOOL_CONVERSION = YES;
				CLANG_WARN_COMMA = YES;
				CLANG_WARN_CONSTANT_CONVERSION = YES;
				CLANG_WARN_DEPRECATED_OBJC_IMPLEMENTATIONS = YES;
				CLANG_WARN_DIRECT_OBJC_ISA_USAGE = YES_ERROR;
				CLANG_WARN_DOCUMENTATION_COMMENTS = YES;
				CLANG_WARN_EMPTY_BODY = YES;
				CLANG_WARN_ENUM_CONVERSION = YES;
				CLANG_WARN_INFINITE_RECURSION = YES;
				CLANG_WARN_INT_CONVERSION = YES;
				CLANG_WARN_NON_LITERAL_NULL_CONVERSION = YES;
				CLANG_WARN_OBJC_IMPLICIT_RETAIN_SELF = YES;
				CLANG_WARN_OBJC_LITERAL_CONVERSION = YES;
				CLANG_WARN_OBJC_ROOT_CLASS = YES_ERROR;
				CLANG_WARN_RANGE_LOOP_ANALYSIS = YES;
				CLANG_WARN_STRICT_PROTOTYPES = YES;
				CLANG_WARN_SUSPICIOUS_MOVE = YES;
				CLANG_WARN_SUSPICIOUS_MOVES = YES;
				CLANG_WARN_UNREACHABLE_CODE = YES;
				CLANG_WARN__DUPLICATE_METHOD_MATCH = YES;
				"CODE_SIGN_IDENTITY[sdk=iphoneos*]" = "iPhone Developer";
				COPY_PHASE_STRIP = NO;
				DEBUG_INFORMATION_FORMAT = dwarf;
				ENABLE_STRICT_OBJC_MSGSEND = YES;
				ENABLE_TESTABILITY = YES;
				GCC_C_LANGUAGE_STANDARD = gnu99;
				GCC_DYNAMIC_NO_PIC = NO;
				GCC_NO_COMMON_BLOCKS = YES;
				GCC_OPTIMIZATION_LEVEL = 0;
				GCC_PREPROCESSOR_DEFINITIONS = (
					"DEBUG=1",
					"$(inherited)",
				);
				GCC_WARN_64_TO_32_BIT_CONVERSION = YES;
				GCC_WARN_ABOUT_RETURN_TYPE = YES_ERROR;
				GCC_WARN_UNDECLARED_SELECTOR = YES;
				GCC_WARN_UNINITIALIZED_AUTOS = YES_AGGRESSIVE;
				GCC_WARN_UNUSED_FUNCTION = YES;
				GCC_WARN_UNUSED_VARIABLE = YES;
				IPHONEOS_DEPLOYMENT_TARGET = 10.1;
				MTL_ENABLE_DEBUG_INFO = YES;
				ONLY_ACTIVE_ARCH = YES;
				SDKROOT = iphoneos;
				SWIFT_ACTIVE_COMPILATION_CONDITIONS = DEBUG;
				SWIFT_OPTIMIZATION_LEVEL = "-Onone";
				SWIFT_VERSION = 5.0;
				TARGETED_DEVICE_FAMILY = "1,2";
			};
			name = Debug;
		};
		3A3F79AE1DEF8F4A000EC813 /* Release */ = {
			isa = XCBuildConfiguration;
			buildSettings = {
				ALWAYS_SEARCH_USER_PATHS = NO;
				CLANG_ANALYZER_LOCALIZABILITY_NONLOCALIZED = YES;
				CLANG_ANALYZER_NONNULL = YES;
				CLANG_CXX_LANGUAGE_STANDARD = "gnu++0x";
				CLANG_CXX_LIBRARY = "libc++";
				CLANG_ENABLE_MODULES = YES;
				CLANG_ENABLE_OBJC_ARC = YES;
				CLANG_WARN_BLOCK_CAPTURE_AUTORELEASING = YES;
				CLANG_WARN_BOOL_CONVERSION = YES;
				CLANG_WARN_COMMA = YES;
				CLANG_WARN_CONSTANT_CONVERSION = YES;
				CLANG_WARN_DEPRECATED_OBJC_IMPLEMENTATIONS = YES;
				CLANG_WARN_DIRECT_OBJC_ISA_USAGE = YES_ERROR;
				CLANG_WARN_DOCUMENTATION_COMMENTS = YES;
				CLANG_WARN_EMPTY_BODY = YES;
				CLANG_WARN_ENUM_CONVERSION = YES;
				CLANG_WARN_INFINITE_RECURSION = YES;
				CLANG_WARN_INT_CONVERSION = YES;
				CLANG_WARN_NON_LITERAL_NULL_CONVERSION = YES;
				CLANG_WARN_OBJC_IMPLICIT_RETAIN_SELF = YES;
				CLANG_WARN_OBJC_LITERAL_CONVERSION = YES;
				CLANG_WARN_OBJC_ROOT_CLASS = YES_ERROR;
				CLANG_WARN_RANGE_LOOP_ANALYSIS = YES;
				CLANG_WARN_STRICT_PROTOTYPES = YES;
				CLANG_WARN_SUSPICIOUS_MOVE = YES;
				CLANG_WARN_SUSPICIOUS_MOVES = YES;
				CLANG_WARN_UNREACHABLE_CODE = YES;
				CLANG_WARN__DUPLICATE_METHOD_MATCH = YES;
				"CODE_SIGN_IDENTITY[sdk=iphoneos*]" = "iPhone Developer";
				COPY_PHASE_STRIP = NO;
				DEBUG_INFORMATION_FORMAT = "dwarf-with-dsym";
				ENABLE_NS_ASSERTIONS = NO;
				ENABLE_STRICT_OBJC_MSGSEND = YES;
				GCC_C_LANGUAGE_STANDARD = gnu99;
				GCC_NO_COMMON_BLOCKS = YES;
				GCC_WARN_64_TO_32_BIT_CONVERSION = YES;
				GCC_WARN_ABOUT_RETURN_TYPE = YES_ERROR;
				GCC_WARN_UNDECLARED_SELECTOR = YES;
				GCC_WARN_UNINITIALIZED_AUTOS = YES_AGGRESSIVE;
				GCC_WARN_UNUSED_FUNCTION = YES;
				GCC_WARN_UNUSED_VARIABLE = YES;
				IPHONEOS_DEPLOYMENT_TARGET = 10.1;
				MTL_ENABLE_DEBUG_INFO = NO;
				SDKROOT = iphoneos;
				SWIFT_OPTIMIZATION_LEVEL = "-Owholemodule";
				SWIFT_VERSION = 5.0;
				TARGETED_DEVICE_FAMILY = "1,2";
				VALIDATE_PRODUCT = YES;
			};
			name = Release;
		};
		3A3F79B01DEF8F4A000EC813 /* Debug */ = {
			isa = XCBuildConfiguration;
			buildSettings = {
				ASSETCATALOG_COMPILER_APPICON_NAME = AppIcon;
				INFOPLIST_FILE = PhoneBookManager/Info.plist;
				LD_RUNPATH_SEARCH_PATHS = "$(inherited) @executable_path/Frameworks";
				PRODUCT_BUNDLE_IDENTIFIER = usc.edu.PhoneBookManager;
				PRODUCT_NAME = "$(TARGET_NAME)";
				SWIFT_VERSION = 5.0;
			};
			name = Debug;
		};
		3A3F79B11DEF8F4A000EC813 /* Release */ = {
			isa = XCBuildConfiguration;
			buildSettings = {
				ASSETCATALOG_COMPILER_APPICON_NAME = AppIcon;
				INFOPLIST_FILE = PhoneBookManager/Info.plist;
				LD_RUNPATH_SEARCH_PATHS = "$(inherited) @executable_path/Frameworks";
				PRODUCT_BUNDLE_IDENTIFIER = usc.edu.PhoneBookManager;
				PRODUCT_NAME = "$(TARGET_NAME)";
				SWIFT_VERSION = 5.0;
			};
			name = Release;
		};
		3A3F79B31DEF8F4A000EC813 /* Debug */ = {
			isa = XCBuildConfiguration;
			buildSettings = {
				ALWAYS_EMBED_SWIFT_STANDARD_LIBRARIES = YES;
				BUNDLE_LOADER = "$(TEST_HOST)";
				INFOPLIST_FILE = PhoneBookManagerTests/Info.plist;
				LD_RUNPATH_SEARCH_PATHS = "$(inherited) @executable_path/Frameworks @loader_path/Frameworks";
				PRODUCT_BUNDLE_IDENTIFIER = usc.edu.PhoneBookManagerTests;
				PRODUCT_NAME = "$(TARGET_NAME)";
				SWIFT_VERSION = 5.0;
				TEST_HOST = "$(BUILT_PRODUCTS_DIR)/PhoneBookManager.app/PhoneBookManager";
			};
			name = Debug;
		};
		3A3F79B41DEF8F4A000EC813 /* Release */ = {
			isa = XCBuildConfiguration;
			buildSettings = {
				ALWAYS_EMBED_SWIFT_STANDARD_LIBRARIES = YES;
				BUNDLE_LOADER = "$(TEST_HOST)";
				INFOPLIST_FILE = PhoneBookManagerTests/Info.plist;
				LD_RUNPATH_SEARCH_PATHS = "$(inherited) @executable_path/Frameworks @loader_path/Frameworks";
				PRODUCT_BUNDLE_IDENTIFIER = usc.edu.PhoneBookManagerTests;
				PRODUCT_NAME = "$(TARGET_NAME)";
				SWIFT_VERSION = 5.0;
				TEST_HOST = "$(BUILT_PRODUCTS_DIR)/PhoneBookManager.app/PhoneBookManager";
			};
			name = Release;
		};
		3A3F79B61DEF8F4A000EC813 /* Debug */ = {
			isa = XCBuildConfiguration;
			buildSettings = {
				ALWAYS_EMBED_SWIFT_STANDARD_LIBRARIES = YES;
				INFOPLIST_FILE = PhoneBookManagerUITests/Info.plist;
				LD_RUNPATH_SEARCH_PATHS = "$(inherited) @executable_path/Frameworks @loader_path/Frameworks";
				PRODUCT_BUNDLE_IDENTIFIER = usc.edu.PhoneBookManagerUITests;
				PRODUCT_NAME = "$(TARGET_NAME)";
				SWIFT_VERSION = 5.0;
				TEST_TARGET_NAME = PhoneBookManager;
			};
			name = Debug;
		};
		3A3F79B71DEF8F4A000EC813 /* Release */ = {
			isa = XCBuildConfiguration;
			buildSettings = {
				ALWAYS_EMBED_SWIFT_STANDARD_LIBRARIES = YES;
				INFOPLIST_FILE = PhoneBookManagerUITests/Info.plist;
				LD_RUNPATH_SEARCH_PATHS = "$(inherited) @executable_path/Frameworks @loader_path/Frameworks";
				PRODUCT_BUNDLE_IDENTIFIER = usc.edu.PhoneBookManagerUITests;
				PRODUCT_NAME = "$(TARGET_NAME)";
				SWIFT_VERSION = 5.0;
				TEST_TARGET_NAME = PhoneBookManager;
			};
			name = Release;
		};
/* End XCBuildConfiguration section */

/* Begin XCConfigurationList section */
		3A3F797F1DEF8F4A000EC813 /* Build configuration list for PBXProject "PhoneBookManager" */ = {
			isa = XCConfigurationList;
			buildConfigurations = (
				3A3F79AD1DEF8F4A000EC813 /* Debug */,
				3A3F79AE1DEF8F4A000EC813 /* Release */,
			);
			defaultConfigurationIsVisible = 0;
			defaultConfigurationName = Release;
		};
		3A3F79AF1DEF8F4A000EC813 /* Build configuration list for PBXNativeTarget "PhoneBookManager" */ = {
			isa = XCConfigurationList;
			buildConfigurations = (
				3A3F79B01DEF8F4A000EC813 /* Debug */,
				3A3F79B11DEF8F4A000EC813 /* Release */,
			);
			defaultConfigurationIsVisible = 0;
			defaultConfigurationName = Release;
		};
		3A3F79B21DEF8F4A000EC813 /* Build configuration list for PBXNativeTarget "PhoneBookManagerTests" */ = {
			isa = XCConfigurationList;
			buildConfigurations = (
				3A3F79B31DEF8F4A000EC813 /* Debug */,
				3A3F79B41DEF8F4A000EC813 /* Release */,
			);
			defaultConfigurationIsVisible = 0;
			defaultConfigurationName = Release;
		};
		3A3F79B51DEF8F4A000EC813 /* Build configuration list for PBXNativeTarget "PhoneBookManagerUITests" */ = {
			isa = XCConfigurationList;
			buildConfigurations = (
				3A3F79B61DEF8F4A000EC813 /* Debug */,
				3A3F79B71DEF8F4A000EC813 /* Release */,
			);
			defaultConfigurationIsVisible = 0;
			defaultConfigurationName = Release;
		};
/* End XCConfigurationList section */

/* Begin XCVersionGroup section */
		BF7CB76F22D544EC0039677A /* PhoneBookManager.xcdatamodeld */ = {
			isa = XCVersionGroup;
			children = (
				BF7CB77022D544EC0039677A /* PhoneBookManager.xcdatamodel */,
			);
			currentVersion = BF7CB77022D544EC0039677A /* PhoneBookManager.xcdatamodel */;
			path = PhoneBookManager.xcdatamodeld;
			sourceTree = "<group>";
			versionGroupType = wrapper.xcdatamodel;
		};
/* End XCVersionGroup section */
	};
	rootObject = 3A3F797C1DEF8F4A000EC813 /* Project object */;
}
